
Microsoft Visual Studio Solution File, Format Version 12.00
# Visual Studio Version 17
VisualStudioVersion = 17.3.32922.545
MinimumVisualStudioVersion = 10.0.40219.1
Project("{FAE04EC0-301F-11D3-BF4B-00C04F79EFBC}") = "CopyGroup", "CopuGrop\CopyGroup.csproj", "{B50E241D-DD70-4549-B3C0-24926FD7342C}"
EndProject
Global
	GlobalSection(SolutionConfigurationPlatforms) = preSolution
		Debug|Any CPU = Debug|Any CPU
		Release|Any CPU = Release|Any CPU
	EndGlobalSection
	GlobalSection(ProjectConfigurationPlatforms) = postSolution
		{B50E241D-DD70-4549-B3C0-24926FD7342C}.Debug|Any CPU.ActiveCfg = Debug|Any CPU
		{B50E241D-DD70-4549-B3C0-24926FD7342C}.Debug|Any CPU.Build.0 = Debug|Any CPU
		{B50E241D-DD70-4549-B3C0-24926FD7342C}.Release|Any CPU.ActiveCfg = Release|Any CPU
		{B50E241D-DD70-4549-B3C0-24926FD7342C}.Release|Any CPU.Build.0 = Release|Any CPU
	EndGlobalSection
	GlobalSection(SolutionProperties) = preSolution
		HideSolutionNode = FALSE
	EndGlobalSection
	GlobalSection(ExtensibilityGlobals) = postSolution
		SolutionGuid = {DD2CB53C-A846-48B8-8700-B408604D5B18}
	EndGlobalSection
EndGlobal
